// !$*UTF8*$!
{
	archiveVersion = 1;
	classes = {
	};
	objectVersion = 48;
	objects = {

/* Begin PBXBuildFile section */
		58053D9B201BA71500DACE9D /* Reachability.swift in Sources */ = {isa = PBXBuildFile; fileRef = 58053D9A201BA71500DACE9D /* Reachability.swift */; };
		58053D9D201BB60A00DACE9D /* Sync.storyboard in Resources */ = {isa = PBXBuildFile; fileRef = 58053D9C201BB60A00DACE9D /* Sync.storyboard */; };
		58053D9F201BBDD300DACE9D /* SyncVC.swift in Sources */ = {isa = PBXBuildFile; fileRef = 58053D9E201BBDD300DACE9D /* SyncVC.swift */; };
		58053DA2201BD7B400DACE9D /* GETPatient.swift in Sources */ = {isa = PBXBuildFile; fileRef = 58053DA1201BD7B400DACE9D /* GETPatient.swift */; };
		58053DA4201BD81000DACE9D /* Constants.swift in Sources */ = {isa = PBXBuildFile; fileRef = 58053DA3201BD81000DACE9D /* Constants.swift */; };
		58053DA6201BF87F00DACE9D /* POSTPatient.swift in Sources */ = {isa = PBXBuildFile; fileRef = 58053DA5201BF87F00DACE9D /* POSTPatient.swift */; };
		58053DA8201FAEA800DACE9D /* toggle.swift in Sources */ = {isa = PBXBuildFile; fileRef = 58053DA7201FAEA800DACE9D /* toggle.swift */; };
		58053DAA201FB0EB00DACE9D /* reachableDB.swift in Sources */ = {isa = PBXBuildFile; fileRef = 58053DA9201FB0EB00DACE9D /* reachableDB.swift */; };
		580FCADC1FBA1130007D6414 /* Camera.swift in Sources */ = {isa = PBXBuildFile; fileRef = 580FCADB1FBA1130007D6414 /* Camera.swift */; };
		580FCADE1FBA2607007D6414 /* NewInjuriesVC.swift in Sources */ = {isa = PBXBuildFile; fileRef = 580FCADD1FBA2607007D6414 /* NewInjuriesVC.swift */; };
		582836541F9143AC003F18FE /* AppDelegate.swift in Sources */ = {isa = PBXBuildFile; fileRef = 582836531F9143AC003F18FE /* AppDelegate.swift */; };
		582836561F9143AC003F18FE /* ViewController.swift in Sources */ = {isa = PBXBuildFile; fileRef = 582836551F9143AC003F18FE /* ViewController.swift */; };
		582836591F9143AC003F18FE /* Main.storyboard in Resources */ = {isa = PBXBuildFile; fileRef = 582836571F9143AC003F18FE /* Main.storyboard */; };
		5828365B1F9143AC003F18FE /* Assets.xcassets in Resources */ = {isa = PBXBuildFile; fileRef = 5828365A1F9143AC003F18FE /* Assets.xcassets */; };
		5828365E1F9143AC003F18FE /* LaunchScreen.storyboard in Resources */ = {isa = PBXBuildFile; fileRef = 5828365C1F9143AC003F18FE /* LaunchScreen.storyboard */; };
		582836691F9143AC003F18FE /* WVC_Digital_CageTests.swift in Sources */ = {isa = PBXBuildFile; fileRef = 582836681F9143AC003F18FE /* WVC_Digital_CageTests.swift */; };
		582836741F9143AC003F18FE /* WVC_Digital_CageUITests.swift in Sources */ = {isa = PBXBuildFile; fileRef = 582836731F9143AC003F18FE /* WVC_Digital_CageUITests.swift */; };
		582836941F914840003F18FE /* HexColor.swift in Sources */ = {isa = PBXBuildFile; fileRef = 5828368E1F914840003F18FE /* HexColor.swift */; };
		582836951F914840003F18FE /* Rounded.swift in Sources */ = {isa = PBXBuildFile; fileRef = 5828368F1F914840003F18FE /* Rounded.swift */; };
		582836961F914840003F18FE /* Bordered.swift in Sources */ = {isa = PBXBuildFile; fileRef = 582836901F914840003F18FE /* Bordered.swift */; };
		582836971F914840003F18FE /* SimpleAlert.swift in Sources */ = {isa = PBXBuildFile; fileRef = 582836911F914840003F18FE /* SimpleAlert.swift */; };
		582836981F914840003F18FE /* Date.swift in Sources */ = {isa = PBXBuildFile; fileRef = 582836921F914840003F18FE /* Date.swift */; };
		582836991F914840003F18FE /* toast.swift in Sources */ = {isa = PBXBuildFile; fileRef = 582836931F914840003F18FE /* toast.swift */; };
		5828369D1F914F5A003F18FE /* Patients.storyboard in Resources */ = {isa = PBXBuildFile; fileRef = 5828369C1F914F5A003F18FE /* Patients.storyboard */; };
		5828369F1F914F73003F18FE /* Notifications.storyboard in Resources */ = {isa = PBXBuildFile; fileRef = 5828369E1F914F73003F18FE /* Notifications.storyboard */; };
		582836A11F914F7D003F18FE /* History.storyboard in Resources */ = {isa = PBXBuildFile; fileRef = 582836A01F914F7D003F18FE /* History.storyboard */; };
		582836A41F914FC9003F18FE /* PatientsVC.swift in Sources */ = {isa = PBXBuildFile; fileRef = 582836A31F914FC9003F18FE /* PatientsVC.swift */; };
		582836A61F914FDF003F18FE /* NotificationsVC.swift in Sources */ = {isa = PBXBuildFile; fileRef = 582836A51F914FDF003F18FE /* NotificationsVC.swift */; };
		582836A81F914FED003F18FE /* HistoryVC.swift in Sources */ = {isa = PBXBuildFile; fileRef = 582836A71F914FED003F18FE /* HistoryVC.swift */; };
		582836AB1F916092003F18FE /* TableViewCell.swift in Sources */ = {isa = PBXBuildFile; fileRef = 582836AA1F916092003F18FE /* TableViewCell.swift */; };
		5830506C1FE323BD00876BFF /* RemovePatient.swift in Sources */ = {isa = PBXBuildFile; fileRef = 5830506B1FE323BD00876BFF /* RemovePatient.swift */; };
		5830506E1FE34B5300876BFF /* Treatments.storyboard in Resources */ = {isa = PBXBuildFile; fileRef = 5830506D1FE34B5300876BFF /* Treatments.storyboard */; };
		583050701FE34EB100876BFF /* TxVC.swift in Sources */ = {isa = PBXBuildFile; fileRef = 5830506F1FE34EB100876BFF /* TxVC.swift */; };
		5834D13F1FFFF1CC00996D83 /* email.swift in Sources */ = {isa = PBXBuildFile; fileRef = 5834D13E1FFFF1CB00996D83 /* email.swift */; };
		583520191FF44B75002ACD1C /* addTx.swift in Sources */ = {isa = PBXBuildFile; fileRef = 583520181FF44B75002ACD1C /* addTx.swift */; };
		5837803D1FAB850C00905B3C /* String Manip.swift in Sources */ = {isa = PBXBuildFile; fileRef = 5837803C1FAB850C00905B3C /* String Manip.swift */; };
		583CCD2C1FB0F1D000F03DF1 /* customNotifVC.swift in Sources */ = {isa = PBXBuildFile; fileRef = 583CCD2B1FB0F1D000F03DF1 /* customNotifVC.swift */; };
		583CCD2E1FB12C6000F03DF1 /* Injuries.storyboard in Resources */ = {isa = PBXBuildFile; fileRef = 583CCD2D1FB12C6000F03DF1 /* Injuries.storyboard */; };
		584009E41F9F9BA3009E56BE /* PatientDemographicsVC.swift in Sources */ = {isa = PBXBuildFile; fileRef = 584009E31F9F9BA3009E56BE /* PatientDemographicsVC.swift */; };
		584009E61FA0E21C009E56BE /* Dictionaries.swift in Sources */ = {isa = PBXBuildFile; fileRef = 584009E51FA0E21C009E56BE /* Dictionaries.swift */; };
		5841C62850E3FA84D345A129 /* Pods_WVC_Digital_Cage.framework in Frameworks */ = {isa = PBXBuildFile; fileRef = 73BF4A9E64F9F8368B74B012 /* Pods_WVC_Digital_Cage.framework */; };
		5843931F208A70FA00FFEC11 /* CustomAlertView.swift in Sources */ = {isa = PBXBuildFile; fileRef = 5843931E208A70FA00FFEC11 /* CustomAlertView.swift */; };
		58439321208A7FD600FFEC11 /* CustomAlertViewDelegate.swift in Sources */ = {isa = PBXBuildFile; fileRef = 58439320208A7FD600FFEC11 /* CustomAlertViewDelegate.swift */; };
		58439323209110B600FFEC11 /* cloud.storyboard in Resources */ = {isa = PBXBuildFile; fileRef = 58439322209110B600FFEC11 /* cloud.storyboard */; };
		58439325209134AF00FFEC11 /* CustomAlertBreed.swift in Sources */ = {isa = PBXBuildFile; fileRef = 58439324209134AF00FFEC11 /* CustomAlertBreed.swift */; };
		5843932920923BFB00FFEC11 /* CustomAlertViewDelegateBreed.swift in Sources */ = {isa = PBXBuildFile; fileRef = 5843932820923BFB00FFEC11 /* CustomAlertViewDelegateBreed.swift */; };
		5843932B20926CF900FFEC11 /* CustomAlertSex.swift in Sources */ = {isa = PBXBuildFile; fileRef = 5843932A20926CF900FFEC11 /* CustomAlertSex.swift */; };
		5843932D2092718500FFEC11 /* CustomAlertViewDelegateSex.swift in Sources */ = {isa = PBXBuildFile; fileRef = 5843932C2092718500FFEC11 /* CustomAlertViewDelegateSex.swift */; };
		5843933020928CAA00FFEC11 /* CloudVC.swift in Sources */ = {isa = PBXBuildFile; fileRef = 5843932F20928CAA00FFEC11 /* CloudVC.swift */; };
		58439332209297FD00FFEC11 /* GETPatientCount.swift in Sources */ = {isa = PBXBuildFile; fileRef = 58439331209297FD00FFEC11 /* GETPatientCount.swift */; };
		584393342092A1F700FFEC11 /* GETPatients.swift in Sources */ = {isa = PBXBuildFile; fileRef = 584393332092A1F700FFEC11 /* GETPatients.swift */; };
		587A0789202E441E00F0D094 /* DELETE.swift in Sources */ = {isa = PBXBuildFile; fileRef = 587A0788202E441E00F0D094 /* DELETE.swift */; };
		587F2B0E20753F3300B1DD6A /* PDFData.swift in Sources */ = {isa = PBXBuildFile; fileRef = 587F2B0D20753F3300B1DD6A /* PDFData.swift */; };
		58882DB62061C6B90050F983 /* activityIndicator.swift in Sources */ = {isa = PBXBuildFile; fileRef = 58882DB52061C6B90050F983 /* activityIndicator.swift */; };
		58A82B932076D5E400E4B958 /* Badge.swift in Sources */ = {isa = PBXBuildFile; fileRef = 58A82B922076D5E400E4B958 /* Badge.swift */; };
		58AA457B202235430069E58D /* GETPatientIntake.swift in Sources */ = {isa = PBXBuildFile; fileRef = 58AA457A202235430069E58D /* GETPatientIntake.swift */; };
		58BB516020699B7A0003AEFC /* testData.swift in Sources */ = {isa = PBXBuildFile; fileRef = 58BB515F20699B7A0003AEFC /* testData.swift */; };
		58BB5162206A9A6C0003AEFC /* DataStructures.swift in Sources */ = {isa = PBXBuildFile; fileRef = 58BB5161206A9A6C0003AEFC /* DataStructures.swift */; };
		58BB5165206D88ED0003AEFC /* textViewAlert.swift in Sources */ = {isa = PBXBuildFile; fileRef = 58BB5164206D88ED0003AEFC /* textViewAlert.swift */; };
		58C201EE1FBCAEAF005529DF /* Map.storyboard in Resources */ = {isa = PBXBuildFile; fileRef = 58C201ED1FBCAEAF005529DF /* Map.storyboard */; };
		58C201F01FBCAEF6005529DF /* MapVC.swift in Sources */ = {isa = PBXBuildFile; fileRef = 58C201EF1FBCAEF6005529DF /* MapVC.swift */; };
		58C9B3391FA27296006DE233 /* Settings.storyboard in Resources */ = {isa = PBXBuildFile; fileRef = 58C9B3381FA27296006DE233 /* Settings.storyboard */; };
		58C9B33B1FA27339006DE233 /* SettingsVC.swift in Sources */ = {isa = PBXBuildFile; fileRef = 58C9B33A1FA27339006DE233 /* SettingsVC.swift */; };
		58C9B33F1FA3F4E8006DE233 /* PatientProcedureVC.swift in Sources */ = {isa = PBXBuildFile; fileRef = 58C9B33E1FA3F4E8006DE233 /* PatientProcedureVC.swift */; };
		58C9B3411FA7896B006DE233 /* StringExtensions.swift in Sources */ = {isa = PBXBuildFile; fileRef = 58C9B3401FA7896B006DE233 /* StringExtensions.swift */; };
		58C9B3551FA7E6CB006DE233 /* Analytics.storyboard in Resources */ = {isa = PBXBuildFile; fileRef = 58C9B3541FA7E6CB006DE233 /* Analytics.storyboard */; };
		58C9B3571FA7E778006DE233 /* AnalyticsVC.swift in Sources */ = {isa = PBXBuildFile; fileRef = 58C9B3561FA7E778006DE233 /* AnalyticsVC.swift */; };
		58D3AE091FB663A10036E0E0 /* InjuriesVC.swift in Sources */ = {isa = PBXBuildFile; fileRef = 58D3AE081FB663A10036E0E0 /* InjuriesVC.swift */; };
		58D3AE0B1FB66C1C0036E0E0 /* CollectionViewCell.swift in Sources */ = {isa = PBXBuildFile; fileRef = 58D3AE0A1FB66C1C0036E0E0 /* CollectionViewCell.swift */; };
		58D920911FACCE4D00713C72 /* AMPMVC.swift in Sources */ = {isa = PBXBuildFile; fileRef = 58D920901FACCE4D00713C72 /* AMPMVC.swift */; };
		58D920951FACD6C000713C72 /* IntExtension.swift in Sources */ = {isa = PBXBuildFile; fileRef = 58D920941FACD6C000713C72 /* IntExtension.swift */; };
		58E8A52D1F96B51E004E6640 /* PatientPE_VC.swift in Sources */ = {isa = PBXBuildFile; fileRef = 58E8A52C1F96B51E004E6640 /* PatientPE_VC.swift */; };
		58E8A52F1F9802D4004E6640 /* AddNewPatient.storyboard in Resources */ = {isa = PBXBuildFile; fileRef = 58E8A52E1F9802D4004E6640 /* AddNewPatient.storyboard */; };
		58E8A5311F9808A9004E6640 /* AddPatientsVC.swift in Sources */ = {isa = PBXBuildFile; fileRef = 58E8A5301F9808A9004E6640 /* AddPatientsVC.swift */; };
		58E8A5331F98187A004E6640 /* DatePickerDialog.swift in Sources */ = {isa = PBXBuildFile; fileRef = 58E8A5321F98187A004E6640 /* DatePickerDialog.swift */; };
		58E8A5351F990977004E6640 /* ExtensionsForVC.swift in Sources */ = {isa = PBXBuildFile; fileRef = 58E8A5341F990977004E6640 /* ExtensionsForVC.swift */; };
		58E8A5391F9A5780004E6640 /* AVFoundation.framework in Frameworks */ = {isa = PBXBuildFile; fileRef = 58E8A5381F9A5780004E6640 /* AVFoundation.framework */; };
		58E8A53B1F9A578A004E6640 /* CoreGraphics.framework in Frameworks */ = {isa = PBXBuildFile; fileRef = 58E8A53A1F9A578A004E6640 /* CoreGraphics.framework */; };
		58E8A53D1F9A5791004E6640 /* CoreMedia.framework in Frameworks */ = {isa = PBXBuildFile; fileRef = 58E8A53C1F9A5791004E6640 /* CoreMedia.framework */; };
		58E8A53F1F9A579E004E6640 /* CoreVideo.framework in Frameworks */ = {isa = PBXBuildFile; fileRef = 58E8A53E1F9A579E004E6640 /* CoreVideo.framework */; };
		58E8A5411F9A57A9004E6640 /* MobileCoreServices.framework in Frameworks */ = {isa = PBXBuildFile; fileRef = 58E8A5401F9A57A9004E6640 /* MobileCoreServices.framework */; };
		58E8A5431F9A57B1004E6640 /* QuartzCore.framework in Frameworks */ = {isa = PBXBuildFile; fileRef = 58E8A5421F9A57B1004E6640 /* QuartzCore.framework */; };
		58E8A5451F9A57B8004E6640 /* SystemConfiguration.framework in Frameworks */ = {isa = PBXBuildFile; fileRef = 58E8A5441F9A57B8004E6640 /* SystemConfiguration.framework */; };
		58E8A5461F9A57E4004E6640 /* UXCam.framework in Frameworks */ = {isa = PBXBuildFile; fileRef = 58E8A5361F9A5424004E6640 /* UXCam.framework */; };
		58F54A71209A600A004810A0 /* GET.swift in Sources */ = {isa = PBXBuildFile; fileRef = 58F54A70209A600A004810A0 /* GET.swift */; };
		58FE3C2C1FEB1EE2005F7219 /* addTxVital.swift in Sources */ = {isa = PBXBuildFile; fileRef = 58FE3C2B1FEB1EE2005F7219 /* addTxVital.swift */; };
/* End PBXBuildFile section */

/* Begin PBXContainerItemProxy section */
		582836651F9143AC003F18FE /* PBXContainerItemProxy */ = {
			isa = PBXContainerItemProxy;
			containerPortal = 582836481F9143AC003F18FE /* Project object */;
			proxyType = 1;
			remoteGlobalIDString = 5828364F1F9143AC003F18FE;
			remoteInfo = "WVC Digital Cage";
		};
		582836701F9143AC003F18FE /* PBXContainerItemProxy */ = {
			isa = PBXContainerItemProxy;
			containerPortal = 582836481F9143AC003F18FE /* Project object */;
			proxyType = 1;
			remoteGlobalIDString = 5828364F1F9143AC003F18FE;
			remoteInfo = "WVC Digital Cage";
		};
/* End PBXContainerItemProxy section */

/* Begin PBXFileReference section */
		2D394878273E3C835DADA842 /* Pods-WVC Digital Cage.debug.xcconfig */ = {isa = PBXFileReference; includeInIndex = 1; lastKnownFileType = text.xcconfig; name = "Pods-WVC Digital Cage.debug.xcconfig"; path = "Pods/Target Support Files/Pods-WVC Digital Cage/Pods-WVC Digital Cage.debug.xcconfig"; sourceTree = "<group>"; };
		55576F354A2604E9C89157FA /* Pods-WVC Digital Cage.release.xcconfig */ = {isa = PBXFileReference; includeInIndex = 1; lastKnownFileType = text.xcconfig; name = "Pods-WVC Digital Cage.release.xcconfig"; path = "Pods/Target Support Files/Pods-WVC Digital Cage/Pods-WVC Digital Cage.release.xcconfig"; sourceTree = "<group>"; };
		58053D9A201BA71500DACE9D /* Reachability.swift */ = {isa = PBXFileReference; lastKnownFileType = sourcecode.swift; path = Reachability.swift; sourceTree = "<group>"; };
		58053D9C201BB60A00DACE9D /* Sync.storyboard */ = {isa = PBXFileReference; lastKnownFileType = file.storyboard; path = Sync.storyboard; sourceTree = "<group>"; };
		58053D9E201BBDD300DACE9D /* SyncVC.swift */ = {isa = PBXFileReference; lastKnownFileType = sourcecode.swift; path = SyncVC.swift; sourceTree = "<group>"; };
		58053DA1201BD7B400DACE9D /* GETPatient.swift */ = {isa = PBXFileReference; lastKnownFileType = sourcecode.swift; path = GETPatient.swift; sourceTree = "<group>"; };
		58053DA3201BD81000DACE9D /* Constants.swift */ = {isa = PBXFileReference; lastKnownFileType = sourcecode.swift; path = Constants.swift; sourceTree = "<group>"; };
		58053DA5201BF87F00DACE9D /* POSTPatient.swift */ = {isa = PBXFileReference; lastKnownFileType = sourcecode.swift; path = POSTPatient.swift; sourceTree = "<group>"; };
		58053DA7201FAEA800DACE9D /* toggle.swift */ = {isa = PBXFileReference; lastKnownFileType = sourcecode.swift; path = toggle.swift; sourceTree = "<group>"; };
		58053DA9201FB0EB00DACE9D /* reachableDB.swift */ = {isa = PBXFileReference; lastKnownFileType = sourcecode.swift; path = reachableDB.swift; sourceTree = "<group>"; };
		580FCADB1FBA1130007D6414 /* Camera.swift */ = {isa = PBXFileReference; lastKnownFileType = sourcecode.swift; path = Camera.swift; sourceTree = "<group>"; };
		580FCADD1FBA2607007D6414 /* NewInjuriesVC.swift */ = {isa = PBXFileReference; lastKnownFileType = sourcecode.swift; path = NewInjuriesVC.swift; sourceTree = "<group>"; };
		582836501F9143AC003F18FE /* WVC Digital Cage.app */ = {isa = PBXFileReference; explicitFileType = wrapper.application; includeInIndex = 0; path = "WVC Digital Cage.app"; sourceTree = BUILT_PRODUCTS_DIR; };
		582836531F9143AC003F18FE /* AppDelegate.swift */ = {isa = PBXFileReference; lastKnownFileType = sourcecode.swift; path = AppDelegate.swift; sourceTree = "<group>"; };
		582836551F9143AC003F18FE /* ViewController.swift */ = {isa = PBXFileReference; lastKnownFileType = sourcecode.swift; path = ViewController.swift; sourceTree = "<group>"; };
		582836581F9143AC003F18FE /* Base */ = {isa = PBXFileReference; lastKnownFileType = file.storyboard; name = Base; path = Base.lproj/Main.storyboard; sourceTree = "<group>"; };
		5828365A1F9143AC003F18FE /* Assets.xcassets */ = {isa = PBXFileReference; lastKnownFileType = folder.assetcatalog; path = Assets.xcassets; sourceTree = "<group>"; };
		5828365D1F9143AC003F18FE /* Base */ = {isa = PBXFileReference; lastKnownFileType = file.storyboard; name = Base; path = Base.lproj/LaunchScreen.storyboard; sourceTree = "<group>"; };
		5828365F1F9143AC003F18FE /* Info.plist */ = {isa = PBXFileReference; lastKnownFileType = text.plist.xml; path = Info.plist; sourceTree = "<group>"; };
		582836641F9143AC003F18FE /* WVC Digital CageTests.xctest */ = {isa = PBXFileReference; explicitFileType = wrapper.cfbundle; includeInIndex = 0; path = "WVC Digital CageTests.xctest"; sourceTree = BUILT_PRODUCTS_DIR; };
		582836681F9143AC003F18FE /* WVC_Digital_CageTests.swift */ = {isa = PBXFileReference; lastKnownFileType = sourcecode.swift; path = WVC_Digital_CageTests.swift; sourceTree = "<group>"; };
		5828366A1F9143AC003F18FE /* Info.plist */ = {isa = PBXFileReference; lastKnownFileType = text.plist.xml; path = Info.plist; sourceTree = "<group>"; };
		5828366F1F9143AC003F18FE /* WVC Digital CageUITests.xctest */ = {isa = PBXFileReference; explicitFileType = wrapper.cfbundle; includeInIndex = 0; path = "WVC Digital CageUITests.xctest"; sourceTree = BUILT_PRODUCTS_DIR; };
		582836731F9143AC003F18FE /* WVC_Digital_CageUITests.swift */ = {isa = PBXFileReference; lastKnownFileType = sourcecode.swift; path = WVC_Digital_CageUITests.swift; sourceTree = "<group>"; };
		582836751F9143AC003F18FE /* Info.plist */ = {isa = PBXFileReference; lastKnownFileType = text.plist.xml; path = Info.plist; sourceTree = "<group>"; };
		5828368E1F914840003F18FE /* HexColor.swift */ = {isa = PBXFileReference; lastKnownFileType = sourcecode.swift; path = HexColor.swift; sourceTree = "<group>"; };
		5828368F1F914840003F18FE /* Rounded.swift */ = {isa = PBXFileReference; lastKnownFileType = sourcecode.swift; path = Rounded.swift; sourceTree = "<group>"; };
		582836901F914840003F18FE /* Bordered.swift */ = {isa = PBXFileReference; lastKnownFileType = sourcecode.swift; path = Bordered.swift; sourceTree = "<group>"; };
		582836911F914840003F18FE /* SimpleAlert.swift */ = {isa = PBXFileReference; lastKnownFileType = sourcecode.swift; path = SimpleAlert.swift; sourceTree = "<group>"; };
		582836921F914840003F18FE /* Date.swift */ = {isa = PBXFileReference; lastKnownFileType = sourcecode.swift; path = Date.swift; sourceTree = "<group>"; };
		582836931F914840003F18FE /* toast.swift */ = {isa = PBXFileReference; lastKnownFileType = sourcecode.swift; path = toast.swift; sourceTree = "<group>"; };
		5828369C1F914F5A003F18FE /* Patients.storyboard */ = {isa = PBXFileReference; lastKnownFileType = file.storyboard; path = Patients.storyboard; sourceTree = "<group>"; };
		5828369E1F914F73003F18FE /* Notifications.storyboard */ = {isa = PBXFileReference; lastKnownFileType = file.storyboard; path = Notifications.storyboard; sourceTree = "<group>"; };
		582836A01F914F7D003F18FE /* History.storyboard */ = {isa = PBXFileReference; lastKnownFileType = file.storyboard; path = History.storyboard; sourceTree = "<group>"; };
		582836A31F914FC9003F18FE /* PatientsVC.swift */ = {isa = PBXFileReference; lastKnownFileType = sourcecode.swift; path = PatientsVC.swift; sourceTree = "<group>"; };
		582836A51F914FDF003F18FE /* NotificationsVC.swift */ = {isa = PBXFileReference; lastKnownFileType = sourcecode.swift; path = NotificationsVC.swift; sourceTree = "<group>"; };
		582836A71F914FED003F18FE /* HistoryVC.swift */ = {isa = PBXFileReference; lastKnownFileType = sourcecode.swift; path = HistoryVC.swift; sourceTree = "<group>"; };
		582836AA1F916092003F18FE /* TableViewCell.swift */ = {isa = PBXFileReference; lastKnownFileType = sourcecode.swift; path = TableViewCell.swift; sourceTree = "<group>"; };
		5830506B1FE323BD00876BFF /* RemovePatient.swift */ = {isa = PBXFileReference; lastKnownFileType = sourcecode.swift; path = RemovePatient.swift; sourceTree = "<group>"; };
		5830506D1FE34B5300876BFF /* Treatments.storyboard */ = {isa = PBXFileReference; lastKnownFileType = file.storyboard; path = Treatments.storyboard; sourceTree = "<group>"; };
		5830506F1FE34EB100876BFF /* TxVC.swift */ = {isa = PBXFileReference; lastKnownFileType = sourcecode.swift; path = TxVC.swift; sourceTree = "<group>"; };
		5834D13E1FFFF1CB00996D83 /* email.swift */ = {isa = PBXFileReference; fileEncoding = 4; lastKnownFileType = sourcecode.swift; name = email.swift; path = "WVC Digital Cage/VC/Treatments/email.swift"; sourceTree = SOURCE_ROOT; };
		583520181FF44B75002ACD1C /* addTx.swift */ = {isa = PBXFileReference; lastKnownFileType = sourcecode.swift; path = addTx.swift; sourceTree = "<group>"; };
		5837803C1FAB850C00905B3C /* String Manip.swift */ = {isa = PBXFileReference; lastKnownFileType = sourcecode.swift; path = "String Manip.swift"; sourceTree = "<group>"; };
		583CCD2B1FB0F1D000F03DF1 /* customNotifVC.swift */ = {isa = PBXFileReference; lastKnownFileType = sourcecode.swift; path = customNotifVC.swift; sourceTree = "<group>"; };
		583CCD2D1FB12C6000F03DF1 /* Injuries.storyboard */ = {isa = PBXFileReference; lastKnownFileType = file.storyboard; path = Injuries.storyboard; sourceTree = "<group>"; };
		584009E31F9F9BA3009E56BE /* PatientDemographicsVC.swift */ = {isa = PBXFileReference; lastKnownFileType = sourcecode.swift; path = PatientDemographicsVC.swift; sourceTree = "<group>"; };
		584009E51FA0E21C009E56BE /* Dictionaries.swift */ = {isa = PBXFileReference; lastKnownFileType = sourcecode.swift; path = Dictionaries.swift; sourceTree = "<group>"; };
		5843931E208A70FA00FFEC11 /* CustomAlertView.swift */ = {isa = PBXFileReference; lastKnownFileType = sourcecode.swift; path = CustomAlertView.swift; sourceTree = "<group>"; };
		58439320208A7FD600FFEC11 /* CustomAlertViewDelegate.swift */ = {isa = PBXFileReference; lastKnownFileType = sourcecode.swift; path = CustomAlertViewDelegate.swift; sourceTree = "<group>"; };
		58439322209110B600FFEC11 /* cloud.storyboard */ = {isa = PBXFileReference; lastKnownFileType = file.storyboard; path = cloud.storyboard; sourceTree = "<group>"; };
		58439324209134AF00FFEC11 /* CustomAlertBreed.swift */ = {isa = PBXFileReference; lastKnownFileType = sourcecode.swift; path = CustomAlertBreed.swift; sourceTree = "<group>"; };
		5843932820923BFB00FFEC11 /* CustomAlertViewDelegateBreed.swift */ = {isa = PBXFileReference; lastKnownFileType = sourcecode.swift; path = CustomAlertViewDelegateBreed.swift; sourceTree = "<group>"; };
		5843932A20926CF900FFEC11 /* CustomAlertSex.swift */ = {isa = PBXFileReference; lastKnownFileType = sourcecode.swift; path = CustomAlertSex.swift; sourceTree = "<group>"; };
		5843932C2092718500FFEC11 /* CustomAlertViewDelegateSex.swift */ = {isa = PBXFileReference; lastKnownFileType = sourcecode.swift; path = CustomAlertViewDelegateSex.swift; sourceTree = "<group>"; };
		5843932F20928CAA00FFEC11 /* CloudVC.swift */ = {isa = PBXFileReference; lastKnownFileType = sourcecode.swift; path = CloudVC.swift; sourceTree = "<group>"; };
		58439331209297FD00FFEC11 /* GETPatientCount.swift */ = {isa = PBXFileReference; lastKnownFileType = sourcecode.swift; path = GETPatientCount.swift; sourceTree = "<group>"; };
		584393332092A1F700FFEC11 /* GETPatients.swift */ = {isa = PBXFileReference; lastKnownFileType = sourcecode.swift; path = GETPatients.swift; sourceTree = "<group>"; };
		587A0788202E441E00F0D094 /* DELETE.swift */ = {isa = PBXFileReference; lastKnownFileType = sourcecode.swift; path = DELETE.swift; sourceTree = "<group>"; };
		587F2B0D20753F3300B1DD6A /* PDFData.swift */ = {isa = PBXFileReference; lastKnownFileType = sourcecode.swift; path = PDFData.swift; sourceTree = "<group>"; };
		58882DB52061C6B90050F983 /* activityIndicator.swift */ = {isa = PBXFileReference; fileEncoding = 4; lastKnownFileType = sourcecode.swift; path = activityIndicator.swift; sourceTree = "<group>"; };
		58A82B922076D5E400E4B958 /* Badge.swift */ = {isa = PBXFileReference; lastKnownFileType = sourcecode.swift; path = Badge.swift; sourceTree = "<group>"; };
		58AA457A202235430069E58D /* GETPatientIntake.swift */ = {isa = PBXFileReference; lastKnownFileType = sourcecode.swift; path = GETPatientIntake.swift; sourceTree = "<group>"; };
		58BB515F20699B7A0003AEFC /* testData.swift */ = {isa = PBXFileReference; lastKnownFileType = sourcecode.swift; path = testData.swift; sourceTree = "<group>"; };
		58BB5161206A9A6C0003AEFC /* DataStructures.swift */ = {isa = PBXFileReference; lastKnownFileType = sourcecode.swift; path = DataStructures.swift; sourceTree = "<group>"; };
		58BB5164206D88ED0003AEFC /* textViewAlert.swift */ = {isa = PBXFileReference; lastKnownFileType = sourcecode.swift; path = textViewAlert.swift; sourceTree = "<group>"; };
		58C201ED1FBCAEAF005529DF /* Map.storyboard */ = {isa = PBXFileReference; lastKnownFileType = file.storyboard; path = Map.storyboard; sourceTree = "<group>"; };
		58C201EF1FBCAEF6005529DF /* MapVC.swift */ = {isa = PBXFileReference; lastKnownFileType = sourcecode.swift; path = MapVC.swift; sourceTree = "<group>"; };
		58C9B3381FA27296006DE233 /* Settings.storyboard */ = {isa = PBXFileReference; lastKnownFileType = file.storyboard; path = Settings.storyboard; sourceTree = "<group>"; };
		58C9B33A1FA27339006DE233 /* SettingsVC.swift */ = {isa = PBXFileReference; lastKnownFileType = sourcecode.swift; path = SettingsVC.swift; sourceTree = "<group>"; };
		58C9B33E1FA3F4E8006DE233 /* PatientProcedureVC.swift */ = {isa = PBXFileReference; lastKnownFileType = sourcecode.swift; path = PatientProcedureVC.swift; sourceTree = "<group>"; };
		58C9B3401FA7896B006DE233 /* StringExtensions.swift */ = {isa = PBXFileReference; lastKnownFileType = sourcecode.swift; path = StringExtensions.swift; sourceTree = "<group>"; };
		58C9B3541FA7E6CB006DE233 /* Analytics.storyboard */ = {isa = PBXFileReference; lastKnownFileType = file.storyboard; path = Analytics.storyboard; sourceTree = "<group>"; };
		58C9B3561FA7E778006DE233 /* AnalyticsVC.swift */ = {isa = PBXFileReference; lastKnownFileType = sourcecode.swift; path = AnalyticsVC.swift; sourceTree = "<group>"; };
		58D3AE081FB663A10036E0E0 /* InjuriesVC.swift */ = {isa = PBXFileReference; lastKnownFileType = sourcecode.swift; path = InjuriesVC.swift; sourceTree = "<group>"; };
		58D3AE0A1FB66C1C0036E0E0 /* CollectionViewCell.swift */ = {isa = PBXFileReference; lastKnownFileType = sourcecode.swift; path = CollectionViewCell.swift; sourceTree = "<group>"; };
		58D920901FACCE4D00713C72 /* AMPMVC.swift */ = {isa = PBXFileReference; lastKnownFileType = sourcecode.swift; path = AMPMVC.swift; sourceTree = "<group>"; };
		58D920941FACD6C000713C72 /* IntExtension.swift */ = {isa = PBXFileReference; lastKnownFileType = sourcecode.swift; path = IntExtension.swift; sourceTree = "<group>"; };
		58E8A52C1F96B51E004E6640 /* PatientPE_VC.swift */ = {isa = PBXFileReference; lastKnownFileType = sourcecode.swift; path = PatientPE_VC.swift; sourceTree = "<group>"; };
		58E8A52E1F9802D4004E6640 /* AddNewPatient.storyboard */ = {isa = PBXFileReference; lastKnownFileType = file.storyboard; path = AddNewPatient.storyboard; sourceTree = "<group>"; };
		58E8A5301F9808A9004E6640 /* AddPatientsVC.swift */ = {isa = PBXFileReference; lastKnownFileType = sourcecode.swift; path = AddPatientsVC.swift; sourceTree = "<group>"; };
		58E8A5321F98187A004E6640 /* DatePickerDialog.swift */ = {isa = PBXFileReference; lastKnownFileType = sourcecode.swift; path = DatePickerDialog.swift; sourceTree = "<group>"; };
		58E8A5341F990977004E6640 /* ExtensionsForVC.swift */ = {isa = PBXFileReference; lastKnownFileType = sourcecode.swift; path = ExtensionsForVC.swift; sourceTree = "<group>"; };
		58E8A5361F9A5424004E6640 /* UXCam.framework */ = {isa = PBXFileReference; lastKnownFileType = wrapper.framework; path = UXCam.framework; sourceTree = "<group>"; };
		58E8A5381F9A5780004E6640 /* AVFoundation.framework */ = {isa = PBXFileReference; lastKnownFileType = wrapper.framework; name = AVFoundation.framework; path = System/Library/Frameworks/AVFoundation.framework; sourceTree = SDKROOT; };
		58E8A53A1F9A578A004E6640 /* CoreGraphics.framework */ = {isa = PBXFileReference; lastKnownFileType = wrapper.framework; name = CoreGraphics.framework; path = System/Library/Frameworks/CoreGraphics.framework; sourceTree = SDKROOT; };
		58E8A53C1F9A5791004E6640 /* CoreMedia.framework */ = {isa = PBXFileReference; lastKnownFileType = wrapper.framework; name = CoreMedia.framework; path = System/Library/Frameworks/CoreMedia.framework; sourceTree = SDKROOT; };
		58E8A53E1F9A579E004E6640 /* CoreVideo.framework */ = {isa = PBXFileReference; lastKnownFileType = wrapper.framework; name = CoreVideo.framework; path = System/Library/Frameworks/CoreVideo.framework; sourceTree = SDKROOT; };
		58E8A5401F9A57A9004E6640 /* MobileCoreServices.framework */ = {isa = PBXFileReference; lastKnownFileType = wrapper.framework; name = MobileCoreServices.framework; path = System/Library/Frameworks/MobileCoreServices.framework; sourceTree = SDKROOT; };
		58E8A5421F9A57B1004E6640 /* QuartzCore.framework */ = {isa = PBXFileReference; lastKnownFileType = wrapper.framework; name = QuartzCore.framework; path = System/Library/Frameworks/QuartzCore.framework; sourceTree = SDKROOT; };
		58E8A5441F9A57B8004E6640 /* SystemConfiguration.framework */ = {isa = PBXFileReference; lastKnownFileType = wrapper.framework; name = SystemConfiguration.framework; path = System/Library/Frameworks/SystemConfiguration.framework; sourceTree = SDKROOT; };
		58F54A70209A600A004810A0 /* GET.swift */ = {isa = PBXFileReference; lastKnownFileType = sourcecode.swift; path = GET.swift; sourceTree = "<group>"; };
		58FE3C2B1FEB1EE2005F7219 /* addTxVital.swift */ = {isa = PBXFileReference; lastKnownFileType = sourcecode.swift; path = addTxVital.swift; sourceTree = "<group>"; };
		73BF4A9E64F9F8368B74B012 /* Pods_WVC_Digital_Cage.framework */ = {isa = PBXFileReference; explicitFileType = wrapper.framework; includeInIndex = 0; path = Pods_WVC_Digital_Cage.framework; sourceTree = BUILT_PRODUCTS_DIR; };
/* End PBXFileReference section */

/* Begin PBXFrameworksBuildPhase section */
		5828364D1F9143AC003F18FE /* Frameworks */ = {
			isa = PBXFrameworksBuildPhase;
			buildActionMask = 2147483647;
			files = (
				58E8A5451F9A57B8004E6640 /* SystemConfiguration.framework in Frameworks */,
				58E8A5431F9A57B1004E6640 /* QuartzCore.framework in Frameworks */,
				58E8A5411F9A57A9004E6640 /* MobileCoreServices.framework in Frameworks */,
				58E8A53F1F9A579E004E6640 /* CoreVideo.framework in Frameworks */,
				58E8A53D1F9A5791004E6640 /* CoreMedia.framework in Frameworks */,
				58E8A53B1F9A578A004E6640 /* CoreGraphics.framework in Frameworks */,
				58E8A5461F9A57E4004E6640 /* UXCam.framework in Frameworks */,
				58E8A5391F9A5780004E6640 /* AVFoundation.framework in Frameworks */,
				5841C62850E3FA84D345A129 /* Pods_WVC_Digital_Cage.framework in Frameworks */,
			);
			runOnlyForDeploymentPostprocessing = 0;
		};
		582836611F9143AC003F18FE /* Frameworks */ = {
			isa = PBXFrameworksBuildPhase;
			buildActionMask = 2147483647;
			files = (
			);
			runOnlyForDeploymentPostprocessing = 0;
		};
		5828366C1F9143AC003F18FE /* Frameworks */ = {
			isa = PBXFrameworksBuildPhase;
			buildActionMask = 2147483647;
			files = (
			);
			runOnlyForDeploymentPostprocessing = 0;
		};
/* End PBXFrameworksBuildPhase section */

/* Begin PBXGroup section */
		58053DA0201BD79600DACE9D /* APIs */ = {
			isa = PBXGroup;
			children = (
				58053DA1201BD7B400DACE9D /* GETPatient.swift */,
				584393332092A1F700FFEC11 /* GETPatients.swift */,
				58439331209297FD00FFEC11 /* GETPatientCount.swift */,
				58AA457A202235430069E58D /* GETPatientIntake.swift */,
				58F54A70209A600A004810A0 /* GET.swift */,
				58053DA9201FB0EB00DACE9D /* reachableDB.swift */,
				58053DA5201BF87F00DACE9D /* POSTPatient.swift */,
				587A0788202E441E00F0D094 /* DELETE.swift */,
				58053DA3201BD81000DACE9D /* Constants.swift */,
			);
			path = APIs;
			sourceTree = "<group>";
		};
		582836471F9143AC003F18FE = {
			isa = PBXGroup;
			children = (
				582836521F9143AC003F18FE /* WVC Digital Cage */,
				582836671F9143AC003F18FE /* WVC Digital CageTests */,
				582836721F9143AC003F18FE /* WVC Digital CageUITests */,
				582836511F9143AC003F18FE /* Products */,
				58E8A5361F9A5424004E6640 /* UXCam.framework */,
				58E8A5371F9A577F004E6640 /* Frameworks */,
				D37E1D84AB17D7401CF77AFA /* Pods */,
			);
			sourceTree = "<group>";
		};
		582836511F9143AC003F18FE /* Products */ = {
			isa = PBXGroup;
			children = (
				582836501F9143AC003F18FE /* WVC Digital Cage.app */,
				582836641F9143AC003F18FE /* WVC Digital CageTests.xctest */,
				5828366F1F9143AC003F18FE /* WVC Digital CageUITests.xctest */,
			);
			name = Products;
			sourceTree = "<group>";
		};
		582836521F9143AC003F18FE /* WVC Digital Cage */ = {
			isa = PBXGroup;
			children = (
				58053DA0201BD79600DACE9D /* APIs */,
				582836811F9147A9003F18FE /* Helpers */,
				582836531F9143AC003F18FE /* AppDelegate.swift */,
				58BB515F20699B7A0003AEFC /* testData.swift */,
				58E8A52E1F9802D4004E6640 /* AddNewPatient.storyboard */,
				58C9B3541FA7E6CB006DE233 /* Analytics.storyboard */,
				58439322209110B600FFEC11 /* cloud.storyboard */,
				582836A01F914F7D003F18FE /* History.storyboard */,
				583CCD2D1FB12C6000F03DF1 /* Injuries.storyboard */,
				582836571F9143AC003F18FE /* Main.storyboard */,
				58C201ED1FBCAEAF005529DF /* Map.storyboard */,
				5828369E1F914F73003F18FE /* Notifications.storyboard */,
				5828369C1F914F5A003F18FE /* Patients.storyboard */,
				58C9B3381FA27296006DE233 /* Settings.storyboard */,
				58053D9C201BB60A00DACE9D /* Sync.storyboard */,
				5830506D1FE34B5300876BFF /* Treatments.storyboard */,
				582836A91F91606E003F18FE /* Cells */,
				582836A21F914FA8003F18FE /* VC */,
				5828365A1F9143AC003F18FE /* Assets.xcassets */,
				5828365C1F9143AC003F18FE /* LaunchScreen.storyboard */,
				5828365F1F9143AC003F18FE /* Info.plist */,
			);
			path = "WVC Digital Cage";
			sourceTree = "<group>";
		};
		582836671F9143AC003F18FE /* WVC Digital CageTests */ = {
			isa = PBXGroup;
			children = (
				582836681F9143AC003F18FE /* WVC_Digital_CageTests.swift */,
				5828366A1F9143AC003F18FE /* Info.plist */,
			);
			path = "WVC Digital CageTests";
			sourceTree = "<group>";
		};
		582836721F9143AC003F18FE /* WVC Digital CageUITests */ = {
			isa = PBXGroup;
			children = (
				582836731F9143AC003F18FE /* WVC_Digital_CageUITests.swift */,
				582836751F9143AC003F18FE /* Info.plist */,
			);
			path = "WVC Digital CageUITests";
			sourceTree = "<group>";
		};
		582836811F9147A9003F18FE /* Helpers */ = {
			isa = PBXGroup;
			children = (
				58BB5163206D88BE0003AEFC /* Alerts */,
				58882DB52061C6B90050F983 /* activityIndicator.swift */,
				582836901F914840003F18FE /* Bordered.swift */,
				58A82B922076D5E400E4B958 /* Badge.swift */,
				580FCADB1FBA1130007D6414 /* Camera.swift */,
				582836921F914840003F18FE /* Date.swift */,
				58BB5161206A9A6C0003AEFC /* DataStructures.swift */,
				58E8A5321F98187A004E6640 /* DatePickerDialog.swift */,
				584009E51FA0E21C009E56BE /* Dictionaries.swift */,
				58E8A5341F990977004E6640 /* ExtensionsForVC.swift */,
				5828368E1F914840003F18FE /* HexColor.swift */,
				58D920941FACD6C000713C72 /* IntExtension.swift */,
				587F2B0D20753F3300B1DD6A /* PDFData.swift */,
				5830506B1FE323BD00876BFF /* RemovePatient.swift */,
				58053D9A201BA71500DACE9D /* Reachability.swift */,
				5828368F1F914840003F18FE /* Rounded.swift */,
				5837803C1FAB850C00905B3C /* String Manip.swift */,
				58C9B3401FA7896B006DE233 /* StringExtensions.swift */,
				58053DA7201FAEA800DACE9D /* toggle.swift */,
				582836931F914840003F18FE /* toast.swift */,
			);
			path = Helpers;
			sourceTree = "<group>";
		};
		582836A21F914FA8003F18FE /* VC */ = {
			isa = PBXGroup;
			children = (
				5843932E2092723300FFEC11 /* Alerts Demographics */,
				58E8A5301F9808A9004E6640 /* AddPatientsVC.swift */,
				58D920901FACCE4D00713C72 /* AMPMVC.swift */,
				58C9B3561FA7E778006DE233 /* AnalyticsVC.swift */,
				583CCD2B1FB0F1D000F03DF1 /* customNotifVC.swift */,
				5843932F20928CAA00FFEC11 /* CloudVC.swift */,
				582836A71F914FED003F18FE /* HistoryVC.swift */,
				58D3AE081FB663A10036E0E0 /* InjuriesVC.swift */,
				58C201EF1FBCAEF6005529DF /* MapVC.swift */,
				580FCADD1FBA2607007D6414 /* NewInjuriesVC.swift */,
				582836A51F914FDF003F18FE /* NotificationsVC.swift */,
				584009E31F9F9BA3009E56BE /* PatientDemographicsVC.swift */,
				58E8A52C1F96B51E004E6640 /* PatientPE_VC.swift */,
				58C9B33E1FA3F4E8006DE233 /* PatientProcedureVC.swift */,
				582836A31F914FC9003F18FE /* PatientsVC.swift */,
				58C9B33A1FA27339006DE233 /* SettingsVC.swift */,
				58053D9E201BBDD300DACE9D /* SyncVC.swift */,
				58A82B912076B25A00E4B958 /* Treatments */,
				582836551F9143AC003F18FE /* ViewController.swift */,
			);
			path = VC;
			sourceTree = "<group>";
		};
		582836A91F91606E003F18FE /* Cells */ = {
			isa = PBXGroup;
			children = (
				582836AA1F916092003F18FE /* TableViewCell.swift */,
				58D3AE0A1FB66C1C0036E0E0 /* CollectionViewCell.swift */,
			);
			path = Cells;
			sourceTree = "<group>";
		};
		5843932E2092723300FFEC11 /* Alerts Demographics */ = {
			isa = PBXGroup;
			children = (
				5843931E208A70FA00FFEC11 /* CustomAlertView.swift */,
				58439324209134AF00FFEC11 /* CustomAlertBreed.swift */,
				5843932A20926CF900FFEC11 /* CustomAlertSex.swift */,
				5843932C2092718500FFEC11 /* CustomAlertViewDelegateSex.swift */,
				58439320208A7FD600FFEC11 /* CustomAlertViewDelegate.swift */,
				5843932820923BFB00FFEC11 /* CustomAlertViewDelegateBreed.swift */,
			);
			path = "Alerts Demographics";
			sourceTree = "<group>";
		};
		58A82B912076B25A00E4B958 /* Treatments */ = {
			isa = PBXGroup;
			children = (
				5834D13E1FFFF1CB00996D83 /* email.swift */,
				58FE3C2B1FEB1EE2005F7219 /* addTxVital.swift */,
				583520181FF44B75002ACD1C /* addTx.swift */,
				5830506F1FE34EB100876BFF /* TxVC.swift */,
			);
			path = Treatments;
			sourceTree = "<group>";
		};
		58BB5163206D88BE0003AEFC /* Alerts */ = {
			isa = PBXGroup;
			children = (
				582836911F914840003F18FE /* SimpleAlert.swift */,
				58BB5164206D88ED0003AEFC /* textViewAlert.swift */,
			);
			path = Alerts;
			sourceTree = "<group>";
		};
		58E8A5371F9A577F004E6640 /* Frameworks */ = {
			isa = PBXGroup;
			children = (
				58E8A5441F9A57B8004E6640 /* SystemConfiguration.framework */,
				58E8A5421F9A57B1004E6640 /* QuartzCore.framework */,
				58E8A5401F9A57A9004E6640 /* MobileCoreServices.framework */,
				58E8A53E1F9A579E004E6640 /* CoreVideo.framework */,
				58E8A53C1F9A5791004E6640 /* CoreMedia.framework */,
				58E8A53A1F9A578A004E6640 /* CoreGraphics.framework */,
				58E8A5381F9A5780004E6640 /* AVFoundation.framework */,
				73BF4A9E64F9F8368B74B012 /* Pods_WVC_Digital_Cage.framework */,
			);
			name = Frameworks;
			sourceTree = "<group>";
		};
		D37E1D84AB17D7401CF77AFA /* Pods */ = {
			isa = PBXGroup;
			children = (
				2D394878273E3C835DADA842 /* Pods-WVC Digital Cage.debug.xcconfig */,
				55576F354A2604E9C89157FA /* Pods-WVC Digital Cage.release.xcconfig */,
			);
			name = Pods;
			sourceTree = "<group>";
		};
/* End PBXGroup section */

/* Begin PBXNativeTarget section */
		5828364F1F9143AC003F18FE /* WVC Digital Cage */ = {
			isa = PBXNativeTarget;
			buildConfigurationList = 582836781F9143AC003F18FE /* Build configuration list for PBXNativeTarget "WVC Digital Cage" */;
			buildPhases = (
				A4CB50E886768FC8D2B638BE /* [CP] Check Pods Manifest.lock */,
				5828364C1F9143AC003F18FE /* Sources */,
				5828364D1F9143AC003F18FE /* Frameworks */,
				5828364E1F9143AC003F18FE /* Resources */,
				6243F435ABCA9F1B74139402 /* [CP] Embed Pods Frameworks */,
				D175DE451EAAD4500ECA3FC1 /* [CP] Copy Pods Resources */,
			);
			buildRules = (
			);
			dependencies = (
			);
			name = "WVC Digital Cage";
			productName = "WVC Digital Cage";
			productReference = 582836501F9143AC003F18FE /* WVC Digital Cage.app */;
			productType = "com.apple.product-type.application";
		};
		582836631F9143AC003F18FE /* WVC Digital CageTests */ = {
			isa = PBXNativeTarget;
			buildConfigurationList = 5828367B1F9143AC003F18FE /* Build configuration list for PBXNativeTarget "WVC Digital CageTests" */;
			buildPhases = (
				582836601F9143AC003F18FE /* Sources */,
				582836611F9143AC003F18FE /* Frameworks */,
				582836621F9143AC003F18FE /* Resources */,
			);
			buildRules = (
			);
			dependencies = (
				582836661F9143AC003F18FE /* PBXTargetDependency */,
			);
			name = "WVC Digital CageTests";
			productName = "WVC Digital CageTests";
			productReference = 582836641F9143AC003F18FE /* WVC Digital CageTests.xctest */;
			productType = "com.apple.product-type.bundle.unit-test";
		};
		5828366E1F9143AC003F18FE /* WVC Digital CageUITests */ = {
			isa = PBXNativeTarget;
			buildConfigurationList = 5828367E1F9143AC003F18FE /* Build configuration list for PBXNativeTarget "WVC Digital CageUITests" */;
			buildPhases = (
				5828366B1F9143AC003F18FE /* Sources */,
				5828366C1F9143AC003F18FE /* Frameworks */,
				5828366D1F9143AC003F18FE /* Resources */,
			);
			buildRules = (
			);
			dependencies = (
				582836711F9143AC003F18FE /* PBXTargetDependency */,
			);
			name = "WVC Digital CageUITests";
			productName = "WVC Digital CageUITests";
			productReference = 5828366F1F9143AC003F18FE /* WVC Digital CageUITests.xctest */;
			productType = "com.apple.product-type.bundle.ui-testing";
		};
/* End PBXNativeTarget section */

/* Begin PBXProject section */
		582836481F9143AC003F18FE /* Project object */ = {
			isa = PBXProject;
			attributes = {
				LastSwiftUpdateCheck = 0900;
				LastUpgradeCheck = 0900;
				ORGANIZATIONNAME = "Brian Bird";
				TargetAttributes = {
					5828364F1F9143AC003F18FE = {
						CreatedOnToolsVersion = 9.0;
						ProvisioningStyle = Automatic;
					};
					582836631F9143AC003F18FE = {
						CreatedOnToolsVersion = 9.0;
						ProvisioningStyle = Automatic;
						TestTargetID = 5828364F1F9143AC003F18FE;
					};
					5828366E1F9143AC003F18FE = {
						CreatedOnToolsVersion = 9.0;
						ProvisioningStyle = Automatic;
						TestTargetID = 5828364F1F9143AC003F18FE;
					};
				};
			};
			buildConfigurationList = 5828364B1F9143AC003F18FE /* Build configuration list for PBXProject "WVC Digital Cage" */;
			compatibilityVersion = "Xcode 8.0";
			developmentRegion = en;
			hasScannedForEncodings = 0;
			knownRegions = (
				en,
				Base,
			);
			mainGroup = 582836471F9143AC003F18FE;
			productRefGroup = 582836511F9143AC003F18FE /* Products */;
			projectDirPath = "";
			projectRoot = "";
			targets = (
				5828364F1F9143AC003F18FE /* WVC Digital Cage */,
				582836631F9143AC003F18FE /* WVC Digital CageTests */,
				5828366E1F9143AC003F18FE /* WVC Digital CageUITests */,
			);
		};
/* End PBXProject section */

/* Begin PBXResourcesBuildPhase section */
		5828364E1F9143AC003F18FE /* Resources */ = {
			isa = PBXResourcesBuildPhase;
			buildActionMask = 2147483647;
			files = (
				58439323209110B600FFEC11 /* cloud.storyboard in Resources */,
				58053D9D201BB60A00DACE9D /* Sync.storyboard in Resources */,
				5828365E1F9143AC003F18FE /* LaunchScreen.storyboard in Resources */,
				58C9B3551FA7E6CB006DE233 /* Analytics.storyboard in Resources */,
				5828369F1F914F73003F18FE /* Notifications.storyboard in Resources */,
				583CCD2E1FB12C6000F03DF1 /* Injuries.storyboard in Resources */,
				5828365B1F9143AC003F18FE /* Assets.xcassets in Resources */,
				58C9B3391FA27296006DE233 /* Settings.storyboard in Resources */,
				5828369D1F914F5A003F18FE /* Patients.storyboard in Resources */,
				5830506E1FE34B5300876BFF /* Treatments.storyboard in Resources */,
				58C201EE1FBCAEAF005529DF /* Map.storyboard in Resources */,
				582836591F9143AC003F18FE /* Main.storyboard in Resources */,
				582836A11F914F7D003F18FE /* History.storyboard in Resources */,
				58E8A52F1F9802D4004E6640 /* AddNewPatient.storyboard in Resources */,
			);
			runOnlyForDeploymentPostprocessing = 0;
		};
		582836621F9143AC003F18FE /* Resources */ = {
			isa = PBXResourcesBuildPhase;
			buildActionMask = 2147483647;
			files = (
			);
			runOnlyForDeploymentPostprocessing = 0;
		};
		5828366D1F9143AC003F18FE /* Resources */ = {
			isa = PBXResourcesBuildPhase;
			buildActionMask = 2147483647;
			files = (
			);
			runOnlyForDeploymentPostprocessing = 0;
		};
/* End PBXResourcesBuildPhase section */

/* Begin PBXShellScriptBuildPhase section */
		6243F435ABCA9F1B74139402 /* [CP] Embed Pods Frameworks */ = {
			isa = PBXShellScriptBuildPhase;
			buildActionMask = 2147483647;
			files = (
			);
			inputPaths = (
				"${SRCROOT}/Pods/Target Support Files/Pods-WVC Digital Cage/Pods-WVC Digital Cage-frameworks.sh",
				"${BUILT_PRODUCTS_DIR}/Charts/Charts.framework",
			);
			name = "[CP] Embed Pods Frameworks";
			outputPaths = (
				"${TARGET_BUILD_DIR}/${FRAMEWORKS_FOLDER_PATH}/Charts.framework",
			);
			runOnlyForDeploymentPostprocessing = 0;
			shellPath = /bin/sh;
			shellScript = "\"${SRCROOT}/Pods/Target Support Files/Pods-WVC Digital Cage/Pods-WVC Digital Cage-frameworks.sh\"\n";
			showEnvVarsInLog = 0;
		};
		A4CB50E886768FC8D2B638BE /* [CP] Check Pods Manifest.lock */ = {
			isa = PBXShellScriptBuildPhase;
			buildActionMask = 2147483647;
			files = (
			);
			inputPaths = (
				"${PODS_PODFILE_DIR_PATH}/Podfile.lock",
				"${PODS_ROOT}/Manifest.lock",
			);
			name = "[CP] Check Pods Manifest.lock";
			outputPaths = (
				"$(DERIVED_FILE_DIR)/Pods-WVC Digital Cage-checkManifestLockResult.txt",
			);
			runOnlyForDeploymentPostprocessing = 0;
			shellPath = /bin/sh;
			shellScript = "diff \"${PODS_PODFILE_DIR_PATH}/Podfile.lock\" \"${PODS_ROOT}/Manifest.lock\" > /dev/null\nif [ $? != 0 ] ; then\n    # print error to STDERR\n    echo \"error: The sandbox is not in sync with the Podfile.lock. Run 'pod install' or update your CocoaPods installation.\" >&2\n    exit 1\nfi\n# This output is used by Xcode 'outputs' to avoid re-running this script phase.\necho \"SUCCESS\" > \"${SCRIPT_OUTPUT_FILE_0}\"\n";
			showEnvVarsInLog = 0;
		};
		D175DE451EAAD4500ECA3FC1 /* [CP] Copy Pods Resources */ = {
			isa = PBXShellScriptBuildPhase;
			buildActionMask = 2147483647;
			files = (
			);
			inputPaths = (
			);
			name = "[CP] Copy Pods Resources";
			outputPaths = (
			);
			runOnlyForDeploymentPostprocessing = 0;
			shellPath = /bin/sh;
			shellScript = "\"${SRCROOT}/Pods/Target Support Files/Pods-WVC Digital Cage/Pods-WVC Digital Cage-resources.sh\"\n";
			showEnvVarsInLog = 0;
		};
/* End PBXShellScriptBuildPhase section */

/* Begin PBXSourcesBuildPhase section */
		5828364C1F9143AC003F18FE /* Sources */ = {
			isa = PBXSourcesBuildPhase;
			buildActionMask = 2147483647;
			files = (
				58D3AE091FB663A10036E0E0 /* InjuriesVC.swift in Sources */,
				58439332209297FD00FFEC11 /* GETPatientCount.swift in Sources */,
				58A82B932076D5E400E4B958 /* Badge.swift in Sources */,
				58053DA8201FAEA800DACE9D /* toggle.swift in Sources */,
				58C9B33B1FA27339006DE233 /* SettingsVC.swift in Sources */,
				5834D13F1FFFF1CC00996D83 /* email.swift in Sources */,
				58882DB62061C6B90050F983 /* activityIndicator.swift in Sources */,
				58053DA2201BD7B400DACE9D /* GETPatient.swift in Sources */,
				58E8A5351F990977004E6640 /* ExtensionsForVC.swift in Sources */,
				583CCD2C1FB0F1D000F03DF1 /* customNotifVC.swift in Sources */,
				58053DA6201BF87F00DACE9D /* POSTPatient.swift in Sources */,
				5843932D2092718500FFEC11 /* CustomAlertViewDelegateSex.swift in Sources */,
				58439321208A7FD600FFEC11 /* CustomAlertViewDelegate.swift in Sources */,
				582836971F914840003F18FE /* SimpleAlert.swift in Sources */,
				58D920951FACD6C000713C72 /* IntExtension.swift in Sources */,
				58C9B3411FA7896B006DE233 /* StringExtensions.swift in Sources */,
				582836A61F914FDF003F18FE /* NotificationsVC.swift in Sources */,
				5843931F208A70FA00FFEC11 /* CustomAlertView.swift in Sources */,
				584009E41F9F9BA3009E56BE /* PatientDemographicsVC.swift in Sources */,
				587F2B0E20753F3300B1DD6A /* PDFData.swift in Sources */,
				5843932920923BFB00FFEC11 /* CustomAlertViewDelegateBreed.swift in Sources */,
				58C201F01FBCAEF6005529DF /* MapVC.swift in Sources */,
				582836991F914840003F18FE /* toast.swift in Sources */,
				58D3AE0B1FB66C1C0036E0E0 /* CollectionViewCell.swift in Sources */,
				58C9B33F1FA3F4E8006DE233 /* PatientProcedureVC.swift in Sources */,
				58053DA4201BD81000DACE9D /* Constants.swift in Sources */,
				582836561F9143AC003F18FE /* ViewController.swift in Sources */,
				58F54A71209A600A004810A0 /* GET.swift in Sources */,
				58053D9B201BA71500DACE9D /* Reachability.swift in Sources */,
				5843932B20926CF900FFEC11 /* CustomAlertSex.swift in Sources */,
				587A0789202E441E00F0D094 /* DELETE.swift in Sources */,
				58E8A5311F9808A9004E6640 /* AddPatientsVC.swift in Sources */,
				580FCADE1FBA2607007D6414 /* NewInjuriesVC.swift in Sources */,
				58439325209134AF00FFEC11 /* CustomAlertBreed.swift in Sources */,
				58AA457B202235430069E58D /* GETPatientIntake.swift in Sources */,
				582836A41F914FC9003F18FE /* PatientsVC.swift in Sources */,
				58BB5165206D88ED0003AEFC /* textViewAlert.swift in Sources */,
				584393342092A1F700FFEC11 /* GETPatients.swift in Sources */,
				5830506C1FE323BD00876BFF /* RemovePatient.swift in Sources */,
				58D920911FACCE4D00713C72 /* AMPMVC.swift in Sources */,
				58053D9F201BBDD300DACE9D /* SyncVC.swift in Sources */,
				58E8A52D1F96B51E004E6640 /* PatientPE_VC.swift in Sources */,
				583520191FF44B75002ACD1C /* addTx.swift in Sources */,
				584009E61FA0E21C009E56BE /* Dictionaries.swift in Sources */,
				582836981F914840003F18FE /* Date.swift in Sources */,
				582836951F914840003F18FE /* Rounded.swift in Sources */,
				582836941F914840003F18FE /* HexColor.swift in Sources */,
				5843933020928CAA00FFEC11 /* CloudVC.swift in Sources */,
				58FE3C2C1FEB1EE2005F7219 /* addTxVital.swift in Sources */,
				580FCADC1FBA1130007D6414 /* Camera.swift in Sources */,
				582836A81F914FED003F18FE /* HistoryVC.swift in Sources */,
				582836AB1F916092003F18FE /* TableViewCell.swift in Sources */,
				582836961F914840003F18FE /* Bordered.swift in Sources */,
				582836541F9143AC003F18FE /* AppDelegate.swift in Sources */,
				583050701FE34EB100876BFF /* TxVC.swift in Sources */,
				58BB516020699B7A0003AEFC /* testData.swift in Sources */,
				58E8A5331F98187A004E6640 /* DatePickerDialog.swift in Sources */,
				58C9B3571FA7E778006DE233 /* AnalyticsVC.swift in Sources */,
				58BB5162206A9A6C0003AEFC /* DataStructures.swift in Sources */,
				5837803D1FAB850C00905B3C /* String Manip.swift in Sources */,
				58053DAA201FB0EB00DACE9D /* reachableDB.swift in Sources */,
			);
			runOnlyForDeploymentPostprocessing = 0;
		};
		582836601F9143AC003F18FE /* Sources */ = {
			isa = PBXSourcesBuildPhase;
			buildActionMask = 2147483647;
			files = (
				582836691F9143AC003F18FE /* WVC_Digital_CageTests.swift in Sources */,
			);
			runOnlyForDeploymentPostprocessing = 0;
		};
		5828366B1F9143AC003F18FE /* Sources */ = {
			isa = PBXSourcesBuildPhase;
			buildActionMask = 2147483647;
			files = (
				582836741F9143AC003F18FE /* WVC_Digital_CageUITests.swift in Sources */,
			);
			runOnlyForDeploymentPostprocessing = 0;
		};
/* End PBXSourcesBuildPhase section */

/* Begin PBXTargetDependency section */
		582836661F9143AC003F18FE /* PBXTargetDependency */ = {
			isa = PBXTargetDependency;
			target = 5828364F1F9143AC003F18FE /* WVC Digital Cage */;
			targetProxy = 582836651F9143AC003F18FE /* PBXContainerItemProxy */;
		};
		582836711F9143AC003F18FE /* PBXTargetDependency */ = {
			isa = PBXTargetDependency;
			target = 5828364F1F9143AC003F18FE /* WVC Digital Cage */;
			targetProxy = 582836701F9143AC003F18FE /* PBXContainerItemProxy */;
		};
/* End PBXTargetDependency section */

/* Begin PBXVariantGroup section */
		582836571F9143AC003F18FE /* Main.storyboard */ = {
			isa = PBXVariantGroup;
			children = (
				582836581F9143AC003F18FE /* Base */,
			);
			name = Main.storyboard;
			sourceTree = "<group>";
		};
		5828365C1F9143AC003F18FE /* LaunchScreen.storyboard */ = {
			isa = PBXVariantGroup;
			children = (
				5828365D1F9143AC003F18FE /* Base */,
			);
			name = LaunchScreen.storyboard;
			sourceTree = "<group>";
		};
/* End PBXVariantGroup section */

/* Begin XCBuildConfiguration section */
		582836761F9143AC003F18FE /* Debug */ = {
			isa = XCBuildConfiguration;
			buildSettings = {
				ALWAYS_SEARCH_USER_PATHS = NO;
				CLANG_ANALYZER_NONNULL = YES;
				CLANG_ANALYZER_NUMBER_OBJECT_CONVERSION = YES_AGGRESSIVE;
				CLANG_CXX_LANGUAGE_STANDARD = "gnu++14";
				CLANG_CXX_LIBRARY = "libc++";
				CLANG_ENABLE_MODULES = YES;
				CLANG_ENABLE_OBJC_ARC = YES;
				CLANG_WARN_BLOCK_CAPTURE_AUTORELEASING = YES;
				CLANG_WARN_BOOL_CONVERSION = YES;
				CLANG_WARN_COMMA = YES;
				CLANG_WARN_CONSTANT_CONVERSION = YES;
				CLANG_WARN_DIRECT_OBJC_ISA_USAGE = YES_ERROR;
				CLANG_WARN_DOCUMENTATION_COMMENTS = YES;
				CLANG_WARN_EMPTY_BODY = YES;
				CLANG_WARN_ENUM_CONVERSION = YES;
				CLANG_WARN_INFINITE_RECURSION = YES;
				CLANG_WARN_INT_CONVERSION = YES;
				CLANG_WARN_NON_LITERAL_NULL_CONVERSION = YES;
				CLANG_WARN_OBJC_LITERAL_CONVERSION = YES;
				CLANG_WARN_OBJC_ROOT_CLASS = YES_ERROR;
				CLANG_WARN_RANGE_LOOP_ANALYSIS = YES;
				CLANG_WARN_STRICT_PROTOTYPES = YES;
				CLANG_WARN_SUSPICIOUS_MOVE = YES;
				CLANG_WARN_UNGUARDED_AVAILABILITY = YES_AGGRESSIVE;
				CLANG_WARN_UNREACHABLE_CODE = YES;
				CLANG_WARN__DUPLICATE_METHOD_MATCH = YES;
				CODE_SIGN_IDENTITY = "iPhone Developer";
				COPY_PHASE_STRIP = NO;
				DEBUG_INFORMATION_FORMAT = dwarf;
				ENABLE_STRICT_OBJC_MSGSEND = YES;
				ENABLE_TESTABILITY = YES;
				GCC_C_LANGUAGE_STANDARD = gnu11;
				GCC_DYNAMIC_NO_PIC = NO;
				GCC_NO_COMMON_BLOCKS = YES;
				GCC_OPTIMIZATION_LEVEL = 0;
				GCC_PREPROCESSOR_DEFINITIONS = (
					"DEBUG=1",
					"$(inherited)",
				);
				GCC_WARN_64_TO_32_BIT_CONVERSION = YES;
				GCC_WARN_ABOUT_RETURN_TYPE = YES_ERROR;
				GCC_WARN_UNDECLARED_SELECTOR = YES;
				GCC_WARN_UNINITIALIZED_AUTOS = YES_AGGRESSIVE;
				GCC_WARN_UNUSED_FUNCTION = YES;
				GCC_WARN_UNUSED_VARIABLE = YES;
				IPHONEOS_DEPLOYMENT_TARGET = 10.0;
				MTL_ENABLE_DEBUG_INFO = YES;
				ONLY_ACTIVE_ARCH = YES;
				SDKROOT = iphoneos;
				SWIFT_ACTIVE_COMPILATION_CONDITIONS = DEBUG;
				SWIFT_OPTIMIZATION_LEVEL = "-Onone";
			};
			name = Debug;
		};
		582836771F9143AC003F18FE /* Release */ = {
			isa = XCBuildConfiguration;
			buildSettings = {
				ALWAYS_SEARCH_USER_PATHS = NO;
				CLANG_ANALYZER_NONNULL = YES;
				CLANG_ANALYZER_NUMBER_OBJECT_CONVERSION = YES_AGGRESSIVE;
				CLANG_CXX_LANGUAGE_STANDARD = "gnu++14";
				CLANG_CXX_LIBRARY = "libc++";
				CLANG_ENABLE_MODULES = YES;
				CLANG_ENABLE_OBJC_ARC = YES;
				CLANG_WARN_BLOCK_CAPTURE_AUTORELEASING = YES;
				CLANG_WARN_BOOL_CONVERSION = YES;
				CLANG_WARN_COMMA = YES;
				CLANG_WARN_CONSTANT_CONVERSION = YES;
				CLANG_WARN_DIRECT_OBJC_ISA_USAGE = YES_ERROR;
				CLANG_WARN_DOCUMENTATION_COMMENTS = YES;
				CLANG_WARN_EMPTY_BODY = YES;
				CLANG_WARN_ENUM_CONVERSION = YES;
				CLANG_WARN_INFINITE_RECURSION = YES;
				CLANG_WARN_INT_CONVERSION = YES;
				CLANG_WARN_NON_LITERAL_NULL_CONVERSION = YES;
				CLANG_WARN_OBJC_LITERAL_CONVERSION = YES;
				CLANG_WARN_OBJC_ROOT_CLASS = YES_ERROR;
				CLANG_WARN_RANGE_LOOP_ANALYSIS = YES;
				CLANG_WARN_STRICT_PROTOTYPES = YES;
				CLANG_WARN_SUSPICIOUS_MOVE = YES;
				CLANG_WARN_UNGUARDED_AVAILABILITY = YES_AGGRESSIVE;
				CLANG_WARN_UNREACHABLE_CODE = YES;
				CLANG_WARN__DUPLICATE_METHOD_MATCH = YES;
				CODE_SIGN_IDENTITY = "iPhone Developer";
				COPY_PHASE_STRIP = NO;
				DEBUG_INFORMATION_FORMAT = "dwarf-with-dsym";
				ENABLE_NS_ASSERTIONS = NO;
				ENABLE_STRICT_OBJC_MSGSEND = YES;
				GCC_C_LANGUAGE_STANDARD = gnu11;
				GCC_NO_COMMON_BLOCKS = YES;
				GCC_WARN_64_TO_32_BIT_CONVERSION = YES;
				GCC_WARN_ABOUT_RETURN_TYPE = YES_ERROR;
				GCC_WARN_UNDECLARED_SELECTOR = YES;
				GCC_WARN_UNINITIALIZED_AUTOS = YES_AGGRESSIVE;
				GCC_WARN_UNUSED_FUNCTION = YES;
				GCC_WARN_UNUSED_VARIABLE = YES;
				IPHONEOS_DEPLOYMENT_TARGET = 10.0;
				MTL_ENABLE_DEBUG_INFO = NO;
				SDKROOT = iphoneos;
				SWIFT_OPTIMIZATION_LEVEL = "-Owholemodule";
				VALIDATE_PRODUCT = YES;
			};
			name = Release;
		};
		582836791F9143AC003F18FE /* Debug */ = {
			isa = XCBuildConfiguration;
			baseConfigurationReference = 2D394878273E3C835DADA842 /* Pods-WVC Digital Cage.debug.xcconfig */;
			buildSettings = {
				ASSETCATALOG_COMPILER_APPICON_NAME = AppIcon;
				CODE_SIGN_STYLE = Automatic;
				DEVELOPMENT_TEAM = 7X8W8A4Y2R;
				FRAMEWORK_SEARCH_PATHS = (
					"$(inherited)",
					"$(PROJECT_DIR)",
				);
				INFOPLIST_FILE = "WVC Digital Cage/Info.plist";
				IPHONEOS_DEPLOYMENT_TARGET = 11.0;
				LD_RUNPATH_SEARCH_PATHS = "$(inherited) @executable_path/Frameworks";
				"OTHER_LDFLAGS[arch=*]" = (
					"$(OTHER_LDFLAGS)",
					"-ObjC",
				);
				PRODUCT_BUNDLE_IDENTIFIER = "wvc.WVC-Digital-Cage";
				PRODUCT_NAME = "$(TARGET_NAME)";
				SWIFT_VERSION = 4.0;
				TARGETED_DEVICE_FAMILY = 2;
			};
			name = Debug;
		};
		5828367A1F9143AC003F18FE /* Release */ = {
			isa = XCBuildConfiguration;
			baseConfigurationReference = 55576F354A2604E9C89157FA /* Pods-WVC Digital Cage.release.xcconfig */;
			buildSettings = {
				ASSETCATALOG_COMPILER_APPICON_NAME = AppIcon;
				CODE_SIGN_STYLE = Automatic;
				DEVELOPMENT_TEAM = 7X8W8A4Y2R;
				FRAMEWORK_SEARCH_PATHS = (
					"$(inherited)",
					"$(PROJECT_DIR)",
				);
				INFOPLIST_FILE = "WVC Digital Cage/Info.plist";
				IPHONEOS_DEPLOYMENT_TARGET = 11.0;
				LD_RUNPATH_SEARCH_PATHS = "$(inherited) @executable_path/Frameworks";
				"OTHER_LDFLAGS[arch=*]" = (
					"$(OTHER_LDFLAGS)",
					"-ObjC",
				);
				PRODUCT_BUNDLE_IDENTIFIER = "wvc.WVC-Digital-Cage";
				PRODUCT_NAME = "$(TARGET_NAME)";
				SWIFT_VERSION = 4.0;
				TARGETED_DEVICE_FAMILY = 2;
			};
			name = Release;
		};
		5828367C1F9143AC003F18FE /* Debug */ = {
			isa = XCBuildConfiguration;
			buildSettings = {
				ALWAYS_EMBED_SWIFT_STANDARD_LIBRARIES = YES;
				BUNDLE_LOADER = "$(TEST_HOST)";
				CODE_SIGN_STYLE = Automatic;
				DEVELOPMENT_TEAM = 55VP4JFWK9;
				INFOPLIST_FILE = "WVC Digital CageTests/Info.plist";
				LD_RUNPATH_SEARCH_PATHS = "$(inherited) @executable_path/Frameworks @loader_path/Frameworks";
				PRODUCT_BUNDLE_IDENTIFIER = "wvc.WVC-Digital-CageTests";
				PRODUCT_NAME = "$(TARGET_NAME)";
				SWIFT_VERSION = 4.0;
				TARGETED_DEVICE_FAMILY = "1,2";
				TEST_HOST = "$(BUILT_PRODUCTS_DIR)/WVC Digital Cage.app/WVC Digital Cage";
			};
			name = Debug;
		};
		5828367D1F9143AC003F18FE /* Release */ = {
			isa = XCBuildConfiguration;
			buildSettings = {
				ALWAYS_EMBED_SWIFT_STANDARD_LIBRARIES = YES;
				BUNDLE_LOADER = "$(TEST_HOST)";
				CODE_SIGN_STYLE = Automatic;
				DEVELOPMENT_TEAM = 55VP4JFWK9;
				INFOPLIST_FILE = "WVC Digital CageTests/Info.plist";
				LD_RUNPATH_SEARCH_PATHS = "$(inherited) @executable_path/Frameworks @loader_path/Frameworks";
				PRODUCT_BUNDLE_IDENTIFIER = "wvc.WVC-Digital-CageTests";
				PRODUCT_NAME = "$(TARGET_NAME)";
				SWIFT_VERSION = 4.0;
				TARGETED_DEVICE_FAMILY = "1,2";
				TEST_HOST = "$(BUILT_PRODUCTS_DIR)/WVC Digital Cage.app/WVC Digital Cage";
			};
			name = Release;
		};
		5828367F1F9143AC003F18FE /* Debug */ = {
			isa = XCBuildConfiguration;
			buildSettings = {
				ALWAYS_EMBED_SWIFT_STANDARD_LIBRARIES = YES;
				CODE_SIGN_STYLE = Automatic;
				DEVELOPMENT_TEAM = 55VP4JFWK9;
				INFOPLIST_FILE = "WVC Digital CageUITests/Info.plist";
				LD_RUNPATH_SEARCH_PATHS = "$(inherited) @executable_path/Frameworks @loader_path/Frameworks";
				PRODUCT_BUNDLE_IDENTIFIER = "wvc.WVC-Digital-CageUITests";
				PRODUCT_NAME = "$(TARGET_NAME)";
				SWIFT_VERSION = 4.0;
				TARGETED_DEVICE_FAMILY = "1,2";
				TEST_TARGET_NAME = "WVC Digital Cage";
			};
			name = Debug;
		};
		582836801F9143AC003F18FE /* Release */ = {
			isa = XCBuildConfiguration;
			buildSettings = {
				ALWAYS_EMBED_SWIFT_STANDARD_LIBRARIES = YES;
				CODE_SIGN_STYLE = Automatic;
				DEVELOPMENT_TEAM = 55VP4JFWK9;
				INFOPLIST_FILE = "WVC Digital CageUITests/Info.plist";
				LD_RUNPATH_SEARCH_PATHS = "$(inherited) @executable_path/Frameworks @loader_path/Frameworks";
				PRODUCT_BUNDLE_IDENTIFIER = "wvc.WVC-Digital-CageUITests";
				PRODUCT_NAME = "$(TARGET_NAME)";
				SWIFT_VERSION = 4.0;
				TARGETED_DEVICE_FAMILY = "1,2";
				TEST_TARGET_NAME = "WVC Digital Cage";
			};
			name = Release;
		};
/* End XCBuildConfiguration section */

/* Begin XCConfigurationList section */
		5828364B1F9143AC003F18FE /* Build configuration list for PBXProject "WVC Digital Cage" */ = {
			isa = XCConfigurationList;
			buildConfigurations = (
				582836761F9143AC003F18FE /* Debug */,
				582836771F9143AC003F18FE /* Release */,
			);
			defaultConfigurationIsVisible = 0;
			defaultConfigurationName = Release;
		};
		582836781F9143AC003F18FE /* Build configuration list for PBXNativeTarget "WVC Digital Cage" */ = {
			isa = XCConfigurationList;
			buildConfigurations = (
				582836791F9143AC003F18FE /* Debug */,
				5828367A1F9143AC003F18FE /* Release */,
			);
			defaultConfigurationIsVisible = 0;
			defaultConfigurationName = Release;
		};
		5828367B1F9143AC003F18FE /* Build configuration list for PBXNativeTarget "WVC Digital CageTests" */ = {
			isa = XCConfigurationList;
			buildConfigurations = (
				5828367C1F9143AC003F18FE /* Debug */,
				5828367D1F9143AC003F18FE /* Release */,
			);
			defaultConfigurationIsVisible = 0;
			defaultConfigurationName = Release;
		};
		5828367E1F9143AC003F18FE /* Build configuration list for PBXNativeTarget "WVC Digital CageUITests" */ = {
			isa = XCConfigurationList;
			buildConfigurations = (
				5828367F1F9143AC003F18FE /* Debug */,
				582836801F9143AC003F18FE /* Release */,
			);
			defaultConfigurationIsVisible = 0;
			defaultConfigurationName = Release;
		};
/* End XCConfigurationList section */
	};
	rootObject = 582836481F9143AC003F18FE /* Project object */;
}
